{
  "name": "rush-common",
  "version": "0.0.0",
  "lockfileVersion": 1,
  "requires": true,
  "dependencies": {
    "@rush-temp/testpkg_1": {
      "version": "file:projects/testpkg_1.tgz",
      "integrity": "sha512-3uVf5VUyobbMId2poI4i7l9zDwWqfARA9RrLu+G73RGxUGfYSPuyov9BDf+yjvuaXPapLDyNsAmB7Eri4hpTyw=="
    },
    "@rush-temp/testpkg_2": {
      "version": "file:projects/testpkg_2.tgz",
      "integrity": "sha512-B2zYn3oX5Ret7+LhD7oaAscnfSIs+RvxbFcdxk8yO6j4ARvaxktNbr0ogwiAQVCWCwsge/xS2H6nZe+AQ+UzLw==",
      "requires": {
        "lodash": "~4.17.21"
      }
    },
    "lodash": {
      "version": "4.17.21",
      "resolved": "https://jfrog-prod.maezia.com:443/artifactory/api/npm/npm-public/lodash/-/lodash-4.17.21.tgz",
      "integrity": "sha512-v2kDEe57lecTulaDIuNTPy3Ry4gLGJ6Z1O3vE1krgXZNrsQ+LFTGHVxVjcXPs17LhbZVGedAJv8XZ1tvj5FvSg=="
    }
  }
}
