lockfileVersion: '9.0'

settings:
  autoInstallPeers: false
  excludeLinksFromLockfile: false

pnpmfileChecksum: jmsifwrxg4slleckty7qyuymte

importers:

  .: {}

  ../../packages/testpkg_1:
    dependencies:
      testpkg_2:
        specifier: workspace:^1.0.9
        version: link:../testpkg_2

  ../../packages/testpkg_2:
    dependencies:
      '@ma-dev/upload':
        specifier: ~2.3.3
        version: 2.3.3
      lodash:
        specifier: ~4.17.21
        version: 4.17.21

packages:

  '@ma-dev/upload@2.3.3':
    resolution: {integrity: sha512-FxWN7GdFWUpeMIeLz3gCBqUBJOrXmqnEjcpEjOrX9Ol1qbc5mjh2++hedoKkGFeKRKs6s9nXi/pRACZQUMdAgw==, tarball: https://jfrog-prod.maezia.com:443/artifactory/api/npm/npm-public/@ma-dev/upload/-/@ma-dev/upload-2.3.3.tgz}
    peerDependencies:
      vue: 2.6.11

  lodash@4.17.21:
    resolution: {integrity: sha512-v2kDEe57lecTulaDIuNTPy3Ry4gLGJ6Z1O3vE1krgXZNrsQ+LFTGHVxVjcXPs17LhbZVGedAJv8XZ1tvj5FvSg==, tarball: https://jfrog-prod.maezia.com:443/artifactory/api/npm/npm-public/lodash/-/lodash-4.17.21.tgz}

snapshots:

  '@ma-dev/upload@2.3.3': {}

  lodash@4.17.21: {}
